// !$*UTF8*$!
{
	archiveVersion = 1;
	classes = {
	};
	objectVersion = 55;
	objects = {

/* Begin PBXBuildFile section */
		1300942F2755181D0091ADD2 /* AppDelegate.swift in Sources */ = {isa = PBXBuildFile; fileRef = 1300942E2755181D0091ADD2 /* AppDelegate.swift */; };
		130094332755181D0091ADD2 /* RootViewController.swift in Sources */ = {isa = PBXBuildFile; fileRef = 130094322755181D0091ADD2 /* RootViewController.swift */; };
		130094382755181E0091ADD2 /* Assets.xcassets in Resources */ = {isa = PBXBuildFile; fileRef = 130094372755181E0091ADD2 /* Assets.xcassets */; };
		1300943B2755181E0091ADD2 /* LaunchScreen.storyboard in Resources */ = {isa = PBXBuildFile; fileRef = 130094392755181E0091ADD2 /* LaunchScreen.storyboard */; };
		130094462755181E0091ADD2 /* MovieLogTests.swift in Sources */ = {isa = PBXBuildFile; fileRef = 130094452755181E0091ADD2 /* MovieLogTests.swift */; };
		130094502755181E0091ADD2 /* MovieLogUITests.swift in Sources */ = {isa = PBXBuildFile; fileRef = 1300944F2755181E0091ADD2 /* MovieLogUITests.swift */; };
		130094522755181E0091ADD2 /* MovieLogUITestsLaunchTests.swift in Sources */ = {isa = PBXBuildFile; fileRef = 130094512755181E0091ADD2 /* MovieLogUITestsLaunchTests.swift */; };
		13059CA62759B1F100E0AB0A /* CollectionViewBannerLayout.swift in Sources */ = {isa = PBXBuildFile; fileRef = 13059CA52759B1F100E0AB0A /* CollectionViewBannerLayout.swift */; };
		131A05532757C397009EE18C /* CoreUIKit in Frameworks */ = {isa = PBXBuildFile; productRef = 131A05522757C397009EE18C /* CoreUIKit */; };
		131A05562757C3DD009EE18C /* CoreFoundationKit in Frameworks */ = {isa = PBXBuildFile; productRef = 131A05552757C3DD009EE18C /* CoreFoundationKit */; };
		131A055A2757C740009EE18C /* DashboardViewController.swift in Sources */ = {isa = PBXBuildFile; fileRef = 131A05592757C740009EE18C /* DashboardViewController.swift */; };
		131A05642757CD42009EE18C /* CustomCollectionView.swift in Sources */ = {isa = PBXBuildFile; fileRef = 131A05632757CD42009EE18C /* CustomCollectionView.swift */; };
		131A05662757DAE6009EE18C /* CardCell.swift in Sources */ = {isa = PBXBuildFile; fileRef = 131A05652757DAE6009EE18C /* CardCell.swift */; };
		1353AEB8275B1F09004D89E1 /* BaseCollectionViewLayout.swift in Sources */ = {isa = PBXBuildFile; fileRef = 1353AEB7275B1F09004D89E1 /* BaseCollectionViewLayout.swift */; };
		1353AEBA275B2058004D89E1 /* CollectionViewColumnLayout.swift in Sources */ = {isa = PBXBuildFile; fileRef = 1353AEB9275B2058004D89E1 /* CollectionViewColumnLayout.swift */; };
		138E09912758708E00604BB4 /* HorizontalListTableViewCell.swift in Sources */ = {isa = PBXBuildFile; fileRef = 138E09902758708E00604BB4 /* HorizontalListTableViewCell.swift */; };
		138E09942758747600604BB4 /* UIView+Constrints.swift in Sources */ = {isa = PBXBuildFile; fileRef = 138E09932758747600604BB4 /* UIView+Constrints.swift */; };
/* End PBXBuildFile section */

/* Begin PBXContainerItemProxy section */
		130094422755181E0091ADD2 /* PBXContainerItemProxy */ = {
			isa = PBXContainerItemProxy;
			containerPortal = 130094232755181D0091ADD2 /* Project object */;
			proxyType = 1;
			remoteGlobalIDString = 1300942A2755181D0091ADD2;
			remoteInfo = MovieLog;
		};
		1300944C2755181E0091ADD2 /* PBXContainerItemProxy */ = {
			isa = PBXContainerItemProxy;
			containerPortal = 130094232755181D0091ADD2 /* Project object */;
			proxyType = 1;
			remoteGlobalIDString = 1300942A2755181D0091ADD2;
			remoteInfo = MovieLog;
		};
/* End PBXContainerItemProxy section */

/* Begin PBXFileReference section */
		1300942B2755181D0091ADD2 /* MovieLog.app */ = {isa = PBXFileReference; explicitFileType = wrapper.application; includeInIndex = 0; path = MovieLog.app; sourceTree = BUILT_PRODUCTS_DIR; };
		1300942E2755181D0091ADD2 /* AppDelegate.swift */ = {isa = PBXFileReference; lastKnownFileType = sourcecode.swift; path = AppDelegate.swift; sourceTree = "<group>"; };
		130094322755181D0091ADD2 /* RootViewController.swift */ = {isa = PBXFileReference; lastKnownFileType = sourcecode.swift; path = RootViewController.swift; sourceTree = "<group>"; };
		130094372755181E0091ADD2 /* Assets.xcassets */ = {isa = PBXFileReference; lastKnownFileType = folder.assetcatalog; path = Assets.xcassets; sourceTree = "<group>"; };
		1300943A2755181E0091ADD2 /* Base */ = {isa = PBXFileReference; lastKnownFileType = file.storyboard; name = Base; path = Base.lproj/LaunchScreen.storyboard; sourceTree = "<group>"; };
		1300943C2755181E0091ADD2 /* Info.plist */ = {isa = PBXFileReference; lastKnownFileType = text.plist.xml; path = Info.plist; sourceTree = "<group>"; };
		130094412755181E0091ADD2 /* MovieLogTests.xctest */ = {isa = PBXFileReference; explicitFileType = wrapper.cfbundle; includeInIndex = 0; path = MovieLogTests.xctest; sourceTree = BUILT_PRODUCTS_DIR; };
		130094452755181E0091ADD2 /* MovieLogTests.swift */ = {isa = PBXFileReference; lastKnownFileType = sourcecode.swift; path = MovieLogTests.swift; sourceTree = "<group>"; };
		1300944B2755181E0091ADD2 /* MovieLogUITests.xctest */ = {isa = PBXFileReference; explicitFileType = wrapper.cfbundle; includeInIndex = 0; path = MovieLogUITests.xctest; sourceTree = BUILT_PRODUCTS_DIR; };
		1300944F2755181E0091ADD2 /* MovieLogUITests.swift */ = {isa = PBXFileReference; lastKnownFileType = sourcecode.swift; path = MovieLogUITests.swift; sourceTree = "<group>"; };
		130094512755181E0091ADD2 /* MovieLogUITestsLaunchTests.swift */ = {isa = PBXFileReference; lastKnownFileType = sourcecode.swift; path = MovieLogUITestsLaunchTests.swift; sourceTree = "<group>"; };
		13059CA52759B1F100E0AB0A /* CollectionViewBannerLayout.swift */ = {isa = PBXFileReference; lastKnownFileType = sourcecode.swift; path = CollectionViewBannerLayout.swift; sourceTree = "<group>"; };
		131A05592757C740009EE18C /* DashboardViewController.swift */ = {isa = PBXFileReference; lastKnownFileType = sourcecode.swift; path = DashboardViewController.swift; sourceTree = "<group>"; };
		131A05632757CD42009EE18C /* CustomCollectionView.swift */ = {isa = PBXFileReference; lastKnownFileType = sourcecode.swift; path = CustomCollectionView.swift; sourceTree = "<group>"; };
		131A05652757DAE6009EE18C /* CardCell.swift */ = {isa = PBXFileReference; lastKnownFileType = sourcecode.swift; path = CardCell.swift; sourceTree = "<group>"; };
		1353AEB7275B1F09004D89E1 /* BaseCollectionViewLayout.swift */ = {isa = PBXFileReference; lastKnownFileType = sourcecode.swift; path = BaseCollectionViewLayout.swift; sourceTree = "<group>"; };
		1353AEB9275B2058004D89E1 /* CollectionViewColumnLayout.swift */ = {isa = PBXFileReference; lastKnownFileType = sourcecode.swift; path = CollectionViewColumnLayout.swift; sourceTree = "<group>"; };
		138E09902758708E00604BB4 /* HorizontalListTableViewCell.swift */ = {isa = PBXFileReference; lastKnownFileType = sourcecode.swift; path = HorizontalListTableViewCell.swift; sourceTree = "<group>"; };
		138E09932758747600604BB4 /* UIView+Constrints.swift */ = {isa = PBXFileReference; lastKnownFileType = sourcecode.swift; path = "UIView+Constrints.swift"; sourceTree = "<group>"; };
/* End PBXFileReference section */

/* Begin PBXFrameworksBuildPhase section */
		130094282755181D0091ADD2 /* Frameworks */ = {
			isa = PBXFrameworksBuildPhase;
			buildActionMask = 2147483647;
			files = (
				131A05532757C397009EE18C /* CoreUIKit in Frameworks */,
				131A05562757C3DD009EE18C /* CoreFoundationKit in Frameworks */,
			);
			runOnlyForDeploymentPostprocessing = 0;
		};
		1300943E2755181E0091ADD2 /* Frameworks */ = {
			isa = PBXFrameworksBuildPhase;
			buildActionMask = 2147483647;
			files = (
			);
			runOnlyForDeploymentPostprocessing = 0;
		};
		130094482755181E0091ADD2 /* Frameworks */ = {
			isa = PBXFrameworksBuildPhase;
			buildActionMask = 2147483647;
			files = (
			);
			runOnlyForDeploymentPostprocessing = 0;
		};
/* End PBXFrameworksBuildPhase section */

/* Begin PBXGroup section */
		130094222755181D0091ADD2 = {
			isa = PBXGroup;
			children = (
				1300942D2755181D0091ADD2 /* MovieLog */,
				130094442755181E0091ADD2 /* MovieLogTests */,
				1300944E2755181E0091ADD2 /* MovieLogUITests */,
				1300942C2755181D0091ADD2 /* Products */,
			);
			sourceTree = "<group>";
		};
		1300942C2755181D0091ADD2 /* Products */ = {
			isa = PBXGroup;
			children = (
				1300942B2755181D0091ADD2 /* MovieLog.app */,
				130094412755181E0091ADD2 /* MovieLogTests.xctest */,
				1300944B2755181E0091ADD2 /* MovieLogUITests.xctest */,
			);
			name = Products;
			sourceTree = "<group>";
		};
		1300942D2755181D0091ADD2 /* MovieLog */ = {
			isa = PBXGroup;
			children = (
				130094322755181D0091ADD2 /* RootViewController.swift */,
				131A05612757CA32009EE18C /* Common */,
				131A05572757C3EC009EE18C /* Modules */,
				131A05502757BFCB009EE18C /* Application */,
				131A054F2757BFBC009EE18C /* SupportingFiles */,
			);
			path = MovieLog;
			sourceTree = "<group>";
		};
		130094442755181E0091ADD2 /* MovieLogTests */ = {
			isa = PBXGroup;
			children = (
				130094452755181E0091ADD2 /* MovieLogTests.swift */,
			);
			path = MovieLogTests;
			sourceTree = "<group>";
		};
		1300944E2755181E0091ADD2 /* MovieLogUITests */ = {
			isa = PBXGroup;
			children = (
				1300944F2755181E0091ADD2 /* MovieLogUITests.swift */,
				130094512755181E0091ADD2 /* MovieLogUITestsLaunchTests.swift */,
			);
			path = MovieLogUITests;
			sourceTree = "<group>";
		};
		13059CA42759B19500E0AB0A /* Layouts */ = {
			isa = PBXGroup;
			children = (
				1353AEB7275B1F09004D89E1 /* BaseCollectionViewLayout.swift */,
				1353AEB9275B2058004D89E1 /* CollectionViewColumnLayout.swift */,
				13059CA52759B1F100E0AB0A /* CollectionViewBannerLayout.swift */,
			);
			path = Layouts;
			sourceTree = "<group>";
		};
		131A054F2757BFBC009EE18C /* SupportingFiles */ = {
			isa = PBXGroup;
			children = (
				130094372755181E0091ADD2 /* Assets.xcassets */,
				130094392755181E0091ADD2 /* LaunchScreen.storyboard */,
				1300943C2755181E0091ADD2 /* Info.plist */,
			);
			path = SupportingFiles;
			sourceTree = "<group>";
		};
		131A05502757BFCB009EE18C /* Application */ = {
			isa = PBXGroup;
			children = (
				1300942E2755181D0091ADD2 /* AppDelegate.swift */,
			);
			path = Application;
			sourceTree = "<group>";
		};
		131A05572757C3EC009EE18C /* Modules */ = {
			isa = PBXGroup;
			children = (
				131A05582757C406009EE18C /* Dashboard */,
			);
			path = Modules;
			sourceTree = "<group>";
		};
		131A05582757C406009EE18C /* Dashboard */ = {
			isa = PBXGroup;
			children = (
				138E098E2758704400604BB4 /* Views */,
			);
			path = Dashboard;
			sourceTree = "<group>";
		};
		131A05612757CA32009EE18C /* Common */ = {
			isa = PBXGroup;
			children = (
				138E09922758745B00604BB4 /* Extensions */,
				13059CA42759B19500E0AB0A /* Layouts */,
				131A05622757CD26009EE18C /* Views */,
			);
			path = Common;
			sourceTree = "<group>";
		};
		131A05622757CD26009EE18C /* Views */ = {
			isa = PBXGroup;
			children = (
				131A05632757CD42009EE18C /* CustomCollectionView.swift */,
			);
			path = Views;
			sourceTree = "<group>";
		};
		138E098E2758704400604BB4 /* Views */ = {
			isa = PBXGroup;
			children = (
				138E098F2758705500604BB4 /* Cells */,
				131A05592757C740009EE18C /* DashboardViewController.swift */,
			);
			path = Views;
			sourceTree = "<group>";
		};
		138E098F2758705500604BB4 /* Cells */ = {
			isa = PBXGroup;
			children = (
				131A05652757DAE6009EE18C /* CardCell.swift */,
				138E09902758708E00604BB4 /* HorizontalListTableViewCell.swift */,
			);
			path = Cells;
			sourceTree = "<group>";
		};
		138E09922758745B00604BB4 /* Extensions */ = {
			isa = PBXGroup;
			children = (
				138E09932758747600604BB4 /* UIView+Constrints.swift */,
			);
			path = Extensions;
			sourceTree = "<group>";
		};
/* End PBXGroup section */

/* Begin PBXNativeTarget section */
		1300942A2755181D0091ADD2 /* MovieLog */ = {
			isa = PBXNativeTarget;
			buildConfigurationList = 130094552755181E0091ADD2 /* Build configuration list for PBXNativeTarget "MovieLog" */;
			buildPhases = (
				130094272755181D0091ADD2 /* Sources */,
				130094282755181D0091ADD2 /* Frameworks */,
				130094292755181D0091ADD2 /* Resources */,
			);
			buildRules = (
			);
			dependencies = (
			);
			name = MovieLog;
			packageProductDependencies = (
				131A05522757C397009EE18C /* CoreUIKit */,
				131A05552757C3DD009EE18C /* CoreFoundationKit */,
			);
			productName = MovieLog;
			productReference = 1300942B2755181D0091ADD2 /* MovieLog.app */;
			productType = "com.apple.product-type.application";
		};
		130094402755181E0091ADD2 /* MovieLogTests */ = {
			isa = PBXNativeTarget;
			buildConfigurationList = 130094582755181E0091ADD2 /* Build configuration list for PBXNativeTarget "MovieLogTests" */;
			buildPhases = (
				1300943D2755181E0091ADD2 /* Sources */,
				1300943E2755181E0091ADD2 /* Frameworks */,
				1300943F2755181E0091ADD2 /* Resources */,
			);
			buildRules = (
			);
			dependencies = (
				130094432755181E0091ADD2 /* PBXTargetDependency */,
			);
			name = MovieLogTests;
			productName = MovieLogTests;
			productReference = 130094412755181E0091ADD2 /* MovieLogTests.xctest */;
			productType = "com.apple.product-type.bundle.unit-test";
		};
		1300944A2755181E0091ADD2 /* MovieLogUITests */ = {
			isa = PBXNativeTarget;
			buildConfigurationList = 1300945B2755181E0091ADD2 /* Build configuration list for PBXNativeTarget "MovieLogUITests" */;
			buildPhases = (
				130094472755181E0091ADD2 /* Sources */,
				130094482755181E0091ADD2 /* Frameworks */,
				130094492755181E0091ADD2 /* Resources */,
			);
			buildRules = (
			);
			dependencies = (
				1300944D2755181E0091ADD2 /* PBXTargetDependency */,
			);
			name = MovieLogUITests;
			productName = MovieLogUITests;
			productReference = 1300944B2755181E0091ADD2 /* MovieLogUITests.xctest */;
			productType = "com.apple.product-type.bundle.ui-testing";
		};
/* End PBXNativeTarget section */

/* Begin PBXProject section */
		130094232755181D0091ADD2 /* Project object */ = {
			isa = PBXProject;
			attributes = {
				BuildIndependentTargetsInParallel = 1;
				LastSwiftUpdateCheck = 1310;
				LastUpgradeCheck = 1310;
				TargetAttributes = {
					1300942A2755181D0091ADD2 = {
						CreatedOnToolsVersion = 13.1;
					};
					130094402755181E0091ADD2 = {
						CreatedOnToolsVersion = 13.1;
						TestTargetID = 1300942A2755181D0091ADD2;
					};
					1300944A2755181E0091ADD2 = {
						CreatedOnToolsVersion = 13.1;
						TestTargetID = 1300942A2755181D0091ADD2;
					};
				};
			};
			buildConfigurationList = 130094262755181D0091ADD2 /* Build configuration list for PBXProject "MovieLog" */;
			compatibilityVersion = "Xcode 13.0";
			developmentRegion = en;
			hasScannedForEncodings = 0;
			knownRegions = (
				en,
				Base,
			);
			mainGroup = 130094222755181D0091ADD2;
			packageReferences = (
				131A05512757C397009EE18C /* XCRemoteSwiftPackageReference "CoreUIKit" */,
				131A05542757C3DD009EE18C /* XCRemoteSwiftPackageReference "CoreFoundationKit" */,
			);
			productRefGroup = 1300942C2755181D0091ADD2 /* Products */;
			projectDirPath = "";
			projectRoot = "";
			targets = (
				1300942A2755181D0091ADD2 /* MovieLog */,
				130094402755181E0091ADD2 /* MovieLogTests */,
				1300944A2755181E0091ADD2 /* MovieLogUITests */,
			);
		};
/* End PBXProject section */

/* Begin PBXResourcesBuildPhase section */
		130094292755181D0091ADD2 /* Resources */ = {
			isa = PBXResourcesBuildPhase;
			buildActionMask = 2147483647;
			files = (
				1300943B2755181E0091ADD2 /* LaunchScreen.storyboard in Resources */,
				130094382755181E0091ADD2 /* Assets.xcassets in Resources */,
			);
			runOnlyForDeploymentPostprocessing = 0;
		};
		1300943F2755181E0091ADD2 /* Resources */ = {
			isa = PBXResourcesBuildPhase;
			buildActionMask = 2147483647;
			files = (
			);
			runOnlyForDeploymentPostprocessing = 0;
		};
		130094492755181E0091ADD2 /* Resources */ = {
			isa = PBXResourcesBuildPhase;
			buildActionMask = 2147483647;
			files = (
			);
			runOnlyForDeploymentPostprocessing = 0;
		};
/* End PBXResourcesBuildPhase section */

/* Begin PBXSourcesBuildPhase section */
		130094272755181D0091ADD2 /* Sources */ = {
			isa = PBXSourcesBuildPhase;
			buildActionMask = 2147483647;
			files = (
				131A05642757CD42009EE18C /* CustomCollectionView.swift in Sources */,
				138E09942758747600604BB4 /* UIView+Constrints.swift in Sources */,
				1353AEBA275B2058004D89E1 /* CollectionViewColumnLayout.swift in Sources */,
				131A05662757DAE6009EE18C /* CardCell.swift in Sources */,
				130094332755181D0091ADD2 /* RootViewController.swift in Sources */,
				13059CA62759B1F100E0AB0A /* CollectionViewBannerLayout.swift in Sources */,
				138E09912758708E00604BB4 /* HorizontalListTableViewCell.swift in Sources */,
				131A055A2757C740009EE18C /* DashboardViewController.swift in Sources */,
				1300942F2755181D0091ADD2 /* AppDelegate.swift in Sources */,
				1353AEB8275B1F09004D89E1 /* BaseCollectionViewLayout.swift in Sources */,
			);
			runOnlyForDeploymentPostprocessing = 0;
		};
		1300943D2755181E0091ADD2 /* Sources */ = {
			isa = PBXSourcesBuildPhase;
			buildActionMask = 2147483647;
			files = (
				130094462755181E0091ADD2 /* MovieLogTests.swift in Sources */,
			);
			runOnlyForDeploymentPostprocessing = 0;
		};
		130094472755181E0091ADD2 /* Sources */ = {
			isa = PBXSourcesBuildPhase;
			buildActionMask = 2147483647;
			files = (
				130094522755181E0091ADD2 /* MovieLogUITestsLaunchTests.swift in Sources */,
				130094502755181E0091ADD2 /* MovieLogUITests.swift in Sources */,
			);
			runOnlyForDeploymentPostprocessing = 0;
		};
/* End PBXSourcesBuildPhase section */

/* Begin PBXTargetDependency section */
		130094432755181E0091ADD2 /* PBXTargetDependency */ = {
			isa = PBXTargetDependency;
			target = 1300942A2755181D0091ADD2 /* MovieLog */;
			targetProxy = 130094422755181E0091ADD2 /* PBXContainerItemProxy */;
		};
		1300944D2755181E0091ADD2 /* PBXTargetDependency */ = {
			isa = PBXTargetDependency;
			target = 1300942A2755181D0091ADD2 /* MovieLog */;
			targetProxy = 1300944C2755181E0091ADD2 /* PBXContainerItemProxy */;
		};
/* End PBXTargetDependency section */

/* Begin PBXVariantGroup section */
		130094392755181E0091ADD2 /* LaunchScreen.storyboard */ = {
			isa = PBXVariantGroup;
			children = (
				1300943A2755181E0091ADD2 /* Base */,
			);
			name = LaunchScreen.storyboard;
			sourceTree = "<group>";
		};
/* End PBXVariantGroup section */

/* Begin XCBuildConfiguration section */
		130094532755181E0091ADD2 /* Debug */ = {
			isa = XCBuildConfiguration;
			buildSettings = {
				ALWAYS_SEARCH_USER_PATHS = NO;
				CLANG_ANALYZER_NONNULL = YES;
				CLANG_ANALYZER_NUMBER_OBJECT_CONVERSION = YES_AGGRESSIVE;
				CLANG_CXX_LANGUAGE_STANDARD = "gnu++17";
				CLANG_CXX_LIBRARY = "libc++";
				CLANG_ENABLE_MODULES = YES;
				CLANG_ENABLE_OBJC_ARC = YES;
				CLANG_ENABLE_OBJC_WEAK = YES;
				CLANG_WARN_BLOCK_CAPTURE_AUTORELEASING = YES;
				CLANG_WARN_BOOL_CONVERSION = YES;
				CLANG_WARN_COMMA = YES;
				CLANG_WARN_CONSTANT_CONVERSION = YES;
				CLANG_WARN_DEPRECATED_OBJC_IMPLEMENTATIONS = YES;
				CLANG_WARN_DIRECT_OBJC_ISA_USAGE = YES_ERROR;
				CLANG_WARN_DOCUMENTATION_COMMENTS = YES;
				CLANG_WARN_EMPTY_BODY = YES;
				CLANG_WARN_ENUM_CONVERSION = YES;
				CLANG_WARN_INFINITE_RECURSION = YES;
				CLANG_WARN_INT_CONVERSION = YES;
				CLANG_WARN_NON_LITERAL_NULL_CONVERSION = YES;
				CLANG_WARN_OBJC_IMPLICIT_RETAIN_SELF = YES;
				CLANG_WARN_OBJC_LITERAL_CONVERSION = YES;
				CLANG_WARN_OBJC_ROOT_CLASS = YES_ERROR;
				CLANG_WARN_QUOTED_INCLUDE_IN_FRAMEWORK_HEADER = YES;
				CLANG_WARN_RANGE_LOOP_ANALYSIS = YES;
				CLANG_WARN_STRICT_PROTOTYPES = YES;
				CLANG_WARN_SUSPICIOUS_MOVE = YES;
				CLANG_WARN_UNGUARDED_AVAILABILITY = YES_AGGRESSIVE;
				CLANG_WARN_UNREACHABLE_CODE = YES;
				CLANG_WARN__DUPLICATE_METHOD_MATCH = YES;
				COPY_PHASE_STRIP = NO;
				DEBUG_INFORMATION_FORMAT = dwarf;
				ENABLE_STRICT_OBJC_MSGSEND = YES;
				ENABLE_TESTABILITY = YES;
				GCC_C_LANGUAGE_STANDARD = gnu11;
				GCC_DYNAMIC_NO_PIC = NO;
				GCC_NO_COMMON_BLOCKS = YES;
				GCC_OPTIMIZATION_LEVEL = 0;
				GCC_PREPROCESSOR_DEFINITIONS = (
					"DEBUG=1",
					"$(inherited)",
				);
				GCC_WARN_64_TO_32_BIT_CONVERSION = YES;
				GCC_WARN_ABOUT_RETURN_TYPE = YES_ERROR;
				GCC_WARN_UNDECLARED_SELECTOR = YES;
				GCC_WARN_UNINITIALIZED_AUTOS = YES_AGGRESSIVE;
				GCC_WARN_UNUSED_FUNCTION = YES;
				GCC_WARN_UNUSED_VARIABLE = YES;
				IPHONEOS_DEPLOYMENT_TARGET = 11.0;
				MTL_ENABLE_DEBUG_INFO = INCLUDE_SOURCE;
				MTL_FAST_MATH = YES;
				ONLY_ACTIVE_ARCH = YES;
				SDKROOT = iphoneos;
				SWIFT_ACTIVE_COMPILATION_CONDITIONS = DEBUG;
				SWIFT_OPTIMIZATION_LEVEL = "-Onone";
			};
			name = Debug;
		};
		130094542755181E0091ADD2 /* Release */ = {
			isa = XCBuildConfiguration;
			buildSettings = {
				ALWAYS_SEARCH_USER_PATHS = NO;
				CLANG_ANALYZER_NONNULL = YES;
				CLANG_ANALYZER_NUMBER_OBJECT_CONVERSION = YES_AGGRESSIVE;
				CLANG_CXX_LANGUAGE_STANDARD = "gnu++17";
				CLANG_CXX_LIBRARY = "libc++";
				CLANG_ENABLE_MODULES = YES;
				CLANG_ENABLE_OBJC_ARC = YES;
				CLANG_ENABLE_OBJC_WEAK = YES;
				CLANG_WARN_BLOCK_CAPTURE_AUTORELEASING = YES;
				CLANG_WARN_BOOL_CONVERSION = YES;
				CLANG_WARN_COMMA = YES;
				CLANG_WARN_CONSTANT_CONVERSION = YES;
				CLANG_WARN_DEPRECATED_OBJC_IMPLEMENTATIONS = YES;
				CLANG_WARN_DIRECT_OBJC_ISA_USAGE = YES_ERROR;
				CLANG_WARN_DOCUMENTATION_COMMENTS = YES;
				CLANG_WARN_EMPTY_BODY = YES;
				CLANG_WARN_ENUM_CONVERSION = YES;
				CLANG_WARN_INFINITE_RECURSION = YES;
				CLANG_WARN_INT_CONVERSION = YES;
				CLANG_WARN_NON_LITERAL_NULL_CONVERSION = YES;
				CLANG_WARN_OBJC_IMPLICIT_RETAIN_SELF = YES;
				CLANG_WARN_OBJC_LITERAL_CONVERSION = YES;
				CLANG_WARN_OBJC_ROOT_CLASS = YES_ERROR;
				CLANG_WARN_QUOTED_INCLUDE_IN_FRAMEWORK_HEADER = YES;
				CLANG_WARN_RANGE_LOOP_ANALYSIS = YES;
				CLANG_WARN_STRICT_PROTOTYPES = YES;
				CLANG_WARN_SUSPICIOUS_MOVE = YES;
				CLANG_WARN_UNGUARDED_AVAILABILITY = YES_AGGRESSIVE;
				CLANG_WARN_UNREACHABLE_CODE = YES;
				CLANG_WARN__DUPLICATE_METHOD_MATCH = YES;
				COPY_PHASE_STRIP = NO;
				DEBUG_INFORMATION_FORMAT = "dwarf-with-dsym";
				ENABLE_NS_ASSERTIONS = NO;
				ENABLE_STRICT_OBJC_MSGSEND = YES;
				GCC_C_LANGUAGE_STANDARD = gnu11;
				GCC_NO_COMMON_BLOCKS = YES;
				GCC_WARN_64_TO_32_BIT_CONVERSION = YES;
				GCC_WARN_ABOUT_RETURN_TYPE = YES_ERROR;
				GCC_WARN_UNDECLARED_SELECTOR = YES;
				GCC_WARN_UNINITIALIZED_AUTOS = YES_AGGRESSIVE;
				GCC_WARN_UNUSED_FUNCTION = YES;
				GCC_WARN_UNUSED_VARIABLE = YES;
				IPHONEOS_DEPLOYMENT_TARGET = 11.0;
				MTL_ENABLE_DEBUG_INFO = NO;
				MTL_FAST_MATH = YES;
				SDKROOT = iphoneos;
				SWIFT_COMPILATION_MODE = wholemodule;
				SWIFT_OPTIMIZATION_LEVEL = "-O";
				VALIDATE_PRODUCT = YES;
			};
			name = Release;
		};
		130094562755181E0091ADD2 /* Debug */ = {
			isa = XCBuildConfiguration;
			buildSettings = {
				ASSETCATALOG_COMPILER_APPICON_NAME = AppIcon;
				ASSETCATALOG_COMPILER_GLOBAL_ACCENT_COLOR_NAME = AccentColor;
				CODE_SIGN_STYLE = Automatic;
				CURRENT_PROJECT_VERSION = 1;
				GENERATE_INFOPLIST_FILE = YES;
				INFOPLIST_FILE = MovieLog/SupportingFiles/Info.plist;
				INFOPLIST_KEY_UIApplicationSupportsIndirectInputEvents = YES;
				INFOPLIST_KEY_UILaunchStoryboardName = LaunchScreen;
				INFOPLIST_KEY_UISupportedInterfaceOrientations = "UIInterfaceOrientationPortrait UIInterfaceOrientationPortraitUpsideDown";
				INFOPLIST_KEY_UISupportedInterfaceOrientations_iPad = "UIInterfaceOrientationPortrait UIInterfaceOrientationPortraitUpsideDown UIInterfaceOrientationLandscapeLeft UIInterfaceOrientationLandscapeRight";
				INFOPLIST_KEY_UISupportedInterfaceOrientations_iPhone = "UIInterfaceOrientationPortrait UIInterfaceOrientationLandscapeLeft UIInterfaceOrientationLandscapeRight";
				LD_RUNPATH_SEARCH_PATHS = (
					"$(inherited)",
					"@executable_path/Frameworks",
				);
				MARKETING_VERSION = 1.0;
				PRODUCT_BUNDLE_IDENTIFIER = com.manish.MovieLog;
				PRODUCT_NAME = "$(TARGET_NAME)";
				SWIFT_EMIT_LOC_STRINGS = YES;
				SWIFT_VERSION = 5.0;
				TARGETED_DEVICE_FAMILY = "1,2";
			};
			name = Debug;
		};
		130094572755181E0091ADD2 /* Release */ = {
			isa = XCBuildConfiguration;
			buildSettings = {
				ASSETCATALOG_COMPILER_APPICON_NAME = AppIcon;
				ASSETCATALOG_COMPILER_GLOBAL_ACCENT_COLOR_NAME = AccentColor;
				CODE_SIGN_STYLE = Automatic;
				CURRENT_PROJECT_VERSION = 1;
				GENERATE_INFOPLIST_FILE = YES;
				INFOPLIST_FILE = MovieLog/SupportingFiles/Info.plist;
				INFOPLIST_KEY_UIApplicationSupportsIndirectInputEvents = YES;
				INFOPLIST_KEY_UILaunchStoryboardName = LaunchScreen;
				INFOPLIST_KEY_UISupportedInterfaceOrientations = "UIInterfaceOrientationPortrait UIInterfaceOrientationPortraitUpsideDown";
				INFOPLIST_KEY_UISupportedInterfaceOrientations_iPad = "UIInterfaceOrientationPortrait UIInterfaceOrientationPortraitUpsideDown UIInterfaceOrientationLandscapeLeft UIInterfaceOrientationLandscapeRight";
				INFOPLIST_KEY_UISupportedInterfaceOrientations_iPhone = "UIInterfaceOrientationPortrait UIInterfaceOrientationLandscapeLeft UIInterfaceOrientationLandscapeRight";
				LD_RUNPATH_SEARCH_PATHS = (
					"$(inherited)",
					"@executable_path/Frameworks",
				);
				MARKETING_VERSION = 1.0;
				PRODUCT_BUNDLE_IDENTIFIER = com.manish.MovieLog;
				PRODUCT_NAME = "$(TARGET_NAME)";
				SWIFT_EMIT_LOC_STRINGS = YES;
				SWIFT_VERSION = 5.0;
				TARGETED_DEVICE_FAMILY = "1,2";
			};
			name = Release;
		};
		130094592755181E0091ADD2 /* Debug */ = {
			isa = XCBuildConfiguration;
			buildSettings = {
				ALWAYS_EMBED_SWIFT_STANDARD_LIBRARIES = YES;
				BUNDLE_LOADER = "$(TEST_HOST)";
				CODE_SIGN_STYLE = Automatic;
				CURRENT_PROJECT_VERSION = 1;
				GENERATE_INFOPLIST_FILE = YES;
				IPHONEOS_DEPLOYMENT_TARGET = 15.0;
				LD_RUNPATH_SEARCH_PATHS = (
					"$(inherited)",
					"@executable_path/Frameworks",
					"@loader_path/Frameworks",
				);
				MARKETING_VERSION = 1.0;
				PRODUCT_BUNDLE_IDENTIFIER = com.manish.MovieLogTests;
				PRODUCT_NAME = "$(TARGET_NAME)";
				SWIFT_EMIT_LOC_STRINGS = NO;
				SWIFT_VERSION = 5.0;
				TARGETED_DEVICE_FAMILY = "1,2";
				TEST_HOST = "$(BUILT_PRODUCTS_DIR)/MovieLog.app/MovieLog";
			};
			name = Debug;
		};
		1300945A2755181E0091ADD2 /* Release */ = {
			isa = XCBuildConfiguration;
			buildSettings = {
				ALWAYS_EMBED_SWIFT_STANDARD_LIBRARIES = YES;
				BUNDLE_LOADER = "$(TEST_HOST)";
				CODE_SIGN_STYLE = Automatic;
				CURRENT_PROJECT_VERSION = 1;
				GENERATE_INFOPLIST_FILE = YES;
				IPHONEOS_DEPLOYMENT_TARGET = 15.0;
				LD_RUNPATH_SEARCH_PATHS = (
					"$(inherited)",
					"@executable_path/Frameworks",
					"@loader_path/Frameworks",
				);
				MARKETING_VERSION = 1.0;
				PRODUCT_BUNDLE_IDENTIFIER = com.manish.MovieLogTests;
				PRODUCT_NAME = "$(TARGET_NAME)";
				SWIFT_EMIT_LOC_STRINGS = NO;
				SWIFT_VERSION = 5.0;
				TARGETED_DEVICE_FAMILY = "1,2";
				TEST_HOST = "$(BUILT_PRODUCTS_DIR)/MovieLog.app/MovieLog";
			};
			name = Release;
		};
		1300945C2755181E0091ADD2 /* Debug */ = {
			isa = XCBuildConfiguration;
			buildSettings = {
				ALWAYS_EMBED_SWIFT_STANDARD_LIBRARIES = YES;
				CODE_SIGN_STYLE = Automatic;
				CURRENT_PROJECT_VERSION = 1;
				GENERATE_INFOPLIST_FILE = YES;
				LD_RUNPATH_SEARCH_PATHS = (
					"$(inherited)",
					"@executable_path/Frameworks",
					"@loader_path/Frameworks",
				);
				MARKETING_VERSION = 1.0;
				PRODUCT_BUNDLE_IDENTIFIER = com.manish.MovieLogUITests;
				PRODUCT_NAME = "$(TARGET_NAME)";
				SWIFT_EMIT_LOC_STRINGS = NO;
				SWIFT_VERSION = 5.0;
				TARGETED_DEVICE_FAMILY = "1,2";
				TEST_TARGET_NAME = MovieLog;
			};
			name = Debug;
		};
		1300945D2755181E0091ADD2 /* Release */ = {
			isa = XCBuildConfiguration;
			buildSettings = {
				ALWAYS_EMBED_SWIFT_STANDARD_LIBRARIES = YES;
				CODE_SIGN_STYLE = Automatic;
				CURRENT_PROJECT_VERSION = 1;
				GENERATE_INFOPLIST_FILE = YES;
				LD_RUNPATH_SEARCH_PATHS = (
					"$(inherited)",
					"@executable_path/Frameworks",
					"@loader_path/Frameworks",
				);
				MARKETING_VERSION = 1.0;
				PRODUCT_BUNDLE_IDENTIFIER = com.manish.MovieLogUITests;
				PRODUCT_NAME = "$(TARGET_NAME)";
				SWIFT_EMIT_LOC_STRINGS = NO;
				SWIFT_VERSION = 5.0;
				TARGETED_DEVICE_FAMILY = "1,2";
				TEST_TARGET_NAME = MovieLog;
			};
			name = Release;
		};
/* End XCBuildConfiguration section */

/* Begin XCConfigurationList section */
		130094262755181D0091ADD2 /* Build configuration list for PBXProject "MovieLog" */ = {
			isa = XCConfigurationList;
			buildConfigurations = (
				130094532755181E0091ADD2 /* Debug */,
				130094542755181E0091ADD2 /* Release */,
			);
			defaultConfigurationIsVisible = 0;
			defaultConfigurationName = Release;
		};
		130094552755181E0091ADD2 /* Build configuration list for PBXNativeTarget "MovieLog" */ = {
			isa = XCConfigurationList;
			buildConfigurations = (
				130094562755181E0091ADD2 /* Debug */,
				130094572755181E0091ADD2 /* Release */,
			);
			defaultConfigurationIsVisible = 0;
			defaultConfigurationName = Release;
		};
		130094582755181E0091ADD2 /* Build configuration list for PBXNativeTarget "MovieLogTests" */ = {
			isa = XCConfigurationList;
			buildConfigurations = (
				130094592755181E0091ADD2 /* Debug */,
				1300945A2755181E0091ADD2 /* Release */,
			);
			defaultConfigurationIsVisible = 0;
			defaultConfigurationName = Release;
		};
		1300945B2755181E0091ADD2 /* Build configuration list for PBXNativeTarget "MovieLogUITests" */ = {
			isa = XCConfigurationList;
			buildConfigurations = (
				1300945C2755181E0091ADD2 /* Debug */,
				1300945D2755181E0091ADD2 /* Release */,
			);
			defaultConfigurationIsVisible = 0;
			defaultConfigurationName = Release;
		};
/* End XCConfigurationList section */

/* Begin XCRemoteSwiftPackageReference section */
		131A05512757C397009EE18C /* XCRemoteSwiftPackageReference "CoreUIKit" */ = {
			isa = XCRemoteSwiftPackageReference;
			repositoryURL = "https://github.com/0vertex/CoreUIKit";
			requirement = {
				branch = main;
				kind = branch;
			};
		};
		131A05542757C3DD009EE18C /* XCRemoteSwiftPackageReference "CoreFoundationKit" */ = {
			isa = XCRemoteSwiftPackageReference;
			repositoryURL = "https://github.com/0vertex/CoreFoundationKit";
			requirement = {
				kind = upToNextMajorVersion;
				minimumVersion = 0.1.0;
			};
		};
/* End XCRemoteSwiftPackageReference section */

/* Begin XCSwiftPackageProductDependency section */
		131A05522757C397009EE18C /* CoreUIKit */ = {
			isa = XCSwiftPackageProductDependency;
			package = 131A05512757C397009EE18C /* XCRemoteSwiftPackageReference "CoreUIKit" */;
			productName = CoreUIKit;
		};
		131A05552757C3DD009EE18C /* CoreFoundationKit */ = {
			isa = XCSwiftPackageProductDependency;
			package = 131A05542757C3DD009EE18C /* XCRemoteSwiftPackageReference "CoreFoundationKit" */;
			productName = CoreFoundationKit;
		};
/* End XCSwiftPackageProductDependency section */
	};
	rootObject = 130094232755181D0091ADD2 /* Project object */;
}
